# This file is autogenerated, do not edit; changes may be undone by the next 'dep ensure'.


[[projects]]
  branch = "master"
  digest = "1:562e4e4af934042db5bff41d7aa610662d0e94849db881ec70127075e1bdb92f"
  name = "github.com/jm-duarte/setlistfm"
  packages = ["."]
  pruneopts = "UT"
  revision = "d5614b47a7a08dc23152614b276f8ded847d4980"

[[projects]]
  branch = "master"
  digest = "1:4429b79947e9af3ccf562cdde4ca61934c7e229726a5afd6527151a91f636a5d"
  name = "github.com/mailru/easyjson"
  packages = [
    ".",
    "buffer",
    "jlexer",
    "jwriter",
  ]
  pruneopts = "UT"
  revision = "d5012789d6659eeed305f54c1b1542e7b65829e6"

[solve-meta]
  analyzer-name = "dep"
  analyzer-version = 1
  input-imports = [
    "github.com/jm-duarte/setlistfm",
    "github.com/mailru/easyjson",
    "github.com/mailru/easyjson/jlexer",
    "github.com/mailru/easyjson/jwriter",
  ]
  solver-name = "gps-cdcl"
  solver-version = 1
