# This file is autogenerated, do not edit; changes may be undone by the next 'dep ensure'.


[[projects]]
  branch = "master"
  digest = "1:562e4e4af934042db5bff41d7aa610662d0e94849db881ec70127075e1bdb92f"
  name = "github.com/jm-duarte/setlistfm"
  packages = ["."]
  pruneopts = "UT"
  revision = "d5614b47a7a08dc23152614b276f8ded847d4980"

[solve-meta]
  analyzer-name = "dep"
  analyzer-version = 1
  input-imports = ["github.com/jm-duarte/setlistfm"]
  solver-name = "gps-cdcl"
  solver-version = 1
